# THIS IS AN AUTOGENERATED FILE. DO NOT EDIT THIS FILE DIRECTLY.
# yarn lockfile v1


"@hapi/boom@^10.0.1":
  version "10.0.1"
  resolved "https://registry.yarnpkg.com/@hapi/boom/-/boom-10.0.1.tgz#ebb14688275ae150aa6af788dbe482e6a6062685"
  integrity sha512-ERcCZaEjdH3OgSJlyjVk8pHIFeus91CjKP3v+MpgBNp5IvGzP2l/bRiD78nqYcKPaZdbKkK5vDBVPd2ohHBlsA==
  dependencies:
    "@hapi/hoek" "^11.0.2"

"@hapi/bourne@^3.0.0":
  version "3.0.0"
  resolved "https://registry.yarnpkg.com/@hapi/bourne/-/bourne-3.0.0.tgz#f11fdf7dda62fe8e336fa7c6642d9041f30356d7"
  integrity sha512-Waj1cwPXJDucOib4a3bAISsKJVb15MKi9IvmTI/7ssVEm6sywXGjVJDhl6/umt1pK1ZS7PacXU3A1PmFKHEZ2w==

"@hapi/hoek@^10.0.1":
  version "10.0.1"
  resolved "https://registry.yarnpkg.com/@hapi/hoek/-/hoek-10.0.1.tgz#ee9da297fabc557e1c040a0f44ee89c266ccc306"
  integrity sha512-CvlW7jmOhWzuqOqiJQ3rQVLMcREh0eel4IBnxDx2FAcK8g7qoJRQK4L1CPBASoCY6y8e6zuCy3f2g+HWdkzcMw==

"@hapi/hoek@^11.0.2":
  version "11.0.2"
  resolved "https://registry.yarnpkg.com/@hapi/hoek/-/hoek-11.0.2.tgz#cb3ea547daac7de5c9cf1d960c3f35c34f065427"
  integrity sha512-aKmlCO57XFZ26wso4rJsW4oTUnrgTFw2jh3io7CAtO9w4UltBNwRXvXIVzzyfkaaLRo3nluP/19msA8vDUUuKw==

"@hapi/hoek@^9.0.0":
  version "9.3.0"
  resolved "https://registry.yarnpkg.com/@hapi/hoek/-/hoek-9.3.0.tgz#8368869dcb735be2e7f5cb7647de78e167a251fb"
  integrity sha512-/c6rf4UJlmHlC9b5BaNvzAcFv7HZ2QHaV0D4/HNlBdvFnvQq8RI4kYdhyPCl7Xj+oWvTWQ8ujhqS53LIgAe6KQ==

"@hapi/topo@^5.0.0":
  version "5.1.0"
  resolved "https://registry.yarnpkg.com/@hapi/topo/-/topo-5.1.0.tgz#dc448e332c6c6e37a4dc02fd84ba8d44b9afb012"
  integrity sha512-foQZKJig7Ob0BMAYBfcJk8d77QtOe7Wo4ox7ff1lQYoNNAb6jwcY1ncdoy2e9wQZzvNy7ODZCYJkK8kzmcAnAg==
  dependencies:
    "@hapi/hoek" "^9.0.0"

"@hapi/wreck@^18.0.0":
  version "18.0.1"
  resolved "https://registry.yarnpkg.com/@hapi/wreck/-/wreck-18.0.1.tgz#6df04532be25fd128c5244e72ccc21438cf8bb65"
  integrity sha512-OLHER70+rZxvDl75xq3xXOfd3e8XIvz8fWY0dqg92UvhZ29zo24vQgfqgHSYhB5ZiuFpSLeriOisAlxAo/1jWg==
  dependencies:
    "@hapi/boom" "^10.0.1"
    "@hapi/bourne" "^3.0.0"
    "@hapi/hoek" "^11.0.2"

"@sideway/address@^4.1.3":
  version "4.1.4"
  resolved "https://registry.yarnpkg.com/@sideway/address/-/address-4.1.4.tgz#03dccebc6ea47fdc226f7d3d1ad512955d4783f0"
  integrity sha512-7vwq+rOHVWjyXxVlR76Agnvhy8I9rpzjosTESvmhNeXOXdZZB15Fl+TI9x1SiHZH5Jv2wTGduSxFDIaq0m3DUw==
  dependencies:
    "@hapi/hoek" "^9.0.0"

"@sideway/formula@^3.0.1":
  version "3.0.1"
  resolved "https://registry.yarnpkg.com/@sideway/formula/-/formula-3.0.1.tgz#80fcbcbaf7ce031e0ef2dd29b1bfc7c3f583611f"
  integrity sha512-/poHZJJVjx3L+zVD6g9KgHfYnb443oi7wLu/XKojDviHy6HOEOA6z1Trk5aR1dGcmPenJEgb2sK2I80LeS3MIg==

"@sideway/pinpoint@^2.0.0":
  version "2.0.0"
  resolved "https://registry.yarnpkg.com/@sideway/pinpoint/-/pinpoint-2.0.0.tgz#cff8ffadc372ad29fd3f78277aeb29e632cc70df"
  integrity sha512-RNiOoTPkptFtSVzQevY/yWtZwf/RxyVnPy/OcA9HBM3MlGDnBEYL5B41H0MTn0Uec8Hi+2qUtTfG2WWZBmMejQ==

"@types/node@^18.14.0":
  version "18.17.14"
  resolved "https://registry.yarnpkg.com/@types/node/-/node-18.17.14.tgz#a621ad26e7eb076d6846dd3d39557ddf9d89f04b"
  integrity sha512-ZE/5aB73CyGqgQULkLG87N9GnyGe5TcQjv34pwS8tfBs1IkCh0ASM69mydb2znqd6v0eX+9Ytvk6oQRqu8T1Vw==

"@types/simple-oauth2@^5.0.2":
  version "5.0.4"
  resolved "https://registry.yarnpkg.com/@types/simple-oauth2/-/simple-oauth2-5.0.4.tgz#c3c245651abec2ad2df039807c0f21177cf52624"
  integrity sha512-4SvTfmAa1fGUa1d07j9vIiC4o92bGh0ihPXmtS05udMMmNwVIaU2nZ706cC4wI8cJxOlHD4P/d5tzqvWYd+KxA==

debug@^4.3.4:
  version "4.3.4"
  resolved "https://registry.yarnpkg.com/debug/-/debug-4.3.4.tgz#1319f6579357f2338d3337d2cdd4914bb5dcc865"
  integrity sha512-PRWFHuSU3eDtQJPvnNY7Jcket1j0t5OuOsFzPPzsekD52Zl8qUfFIPEiswXqIvHWGVHOgX+7G/vCNNhehwxfkQ==
  dependencies:
    ms "2.1.2"

joi@^17.6.4:
  version "17.10.1"
  resolved "https://registry.yarnpkg.com/joi/-/joi-17.10.1.tgz#f908ee1617137cca5d83b91587cde80e472b5753"
  integrity sha512-vIiDxQKmRidUVp8KngT8MZSOcmRVm2zV7jbMjNYWuHcJWI0bUck3nRTGQjhpPlQenIQIBC5Vp9AhcnHbWQqafw==
  dependencies:
    "@hapi/hoek" "^9.0.0"
    "@hapi/topo" "^5.0.0"
    "@sideway/address" "^4.1.3"
    "@sideway/formula" "^3.0.1"
    "@sideway/pinpoint" "^2.0.0"

ms@2.1.2:
  version "2.1.2"
  resolved "https://registry.yarnpkg.com/ms/-/ms-2.1.2.tgz#d09d1f357b443f493382a8eb3ccd183872ae6009"
  integrity sha512-sGkPx+VjMtmA6MX27oA4FBFELFCZZ4S4XqeGOXCv68tT+jb3vk/RyaKWP0PTKyWtmLSM0b+adUTEvbs1PEaH2w==

simple-oauth2@~5.0.0:
  version "5.0.0"
  resolved "https://registry.yarnpkg.com/simple-oauth2/-/simple-oauth2-5.0.0.tgz#3b7d85700944b26f8f5451c017426292f330460c"
  integrity sha512-8291lo/z5ZdpmiOFzOs1kF3cxn22bMj5FFH+DNUppLJrpoIlM1QnFiE7KpshHu3J3i21TVcx4yW+gXYjdCKDLQ==
  dependencies:
    "@hapi/hoek" "^10.0.1"
    "@hapi/wreck" "^18.0.0"
    debug "^4.3.4"
    joi "^17.6.4"
